
Microsoft Visual Studio Solution File, Format Version 12.00
# Visual Studio 14
VisualStudioVersion = 14.0.25420.1
MinimumVisualStudioVersion = 10.0.40219.1
Project("{FAE04EC0-301F-11D3-BF4B-00C04F79EFBC}") = "Queries", "Queries\Queries.csproj", "{D59E5F9B-EA9D-41BF-BCDF-CA29FE8840AA}"
EndProject
Project("{FAE04EC0-301F-11D3-BF4B-00C04F79EFBC}") = "Service", "Service\Service.csproj", "{E7DF9E48-4794-4835-AE91-344021779E83}"
EndProject
Project("{FAE04EC0-301F-11D3-BF4B-00C04F79EFBC}") = "Client", "Client\Client.csproj", "{B841228F-8571-4F0E-B89E-D5E5A13B2BDA}"
EndProject
Project("{FAE04EC0-301F-11D3-BF4B-00C04F79EFBC}") = "Common", "Common\Common.csproj", "{D1B44700-0B1E-4C05-B1F5-01B0EE704770}"
EndProject
Project("{FAE04EC0-301F-11D3-BF4B-00C04F79EFBC}") = "Tester", "Tester\Tester.csproj", "{4D397015-8E66-4B08-B0A6-CBDDCCB20B57}"
EndProject
Global
	GlobalSection(SolutionConfigurationPlatforms) = preSolution
		Debug|Any CPU = Debug|Any CPU
		Release|Any CPU = Release|Any CPU
	EndGlobalSection
	GlobalSection(ProjectConfigurationPlatforms) = postSolution
		{D59E5F9B-EA9D-41BF-BCDF-CA29FE8840AA}.Debug|Any CPU.ActiveCfg = Debug|Any CPU
		{D59E5F9B-EA9D-41BF-BCDF-CA29FE8840AA}.Debug|Any CPU.Build.0 = Debug|Any CPU
		{D59E5F9B-EA9D-41BF-BCDF-CA29FE8840AA}.Release|Any CPU.ActiveCfg = Release|Any CPU
		{D59E5F9B-EA9D-41BF-BCDF-CA29FE8840AA}.Release|Any CPU.Build.0 = Release|Any CPU
		{E7DF9E48-4794-4835-AE91-344021779E83}.Debug|Any CPU.ActiveCfg = Debug|Any CPU
		{E7DF9E48-4794-4835-AE91-344021779E83}.Debug|Any CPU.Build.0 = Debug|Any CPU
		{E7DF9E48-4794-4835-AE91-344021779E83}.Release|Any CPU.ActiveCfg = Release|Any CPU
		{E7DF9E48-4794-4835-AE91-344021779E83}.Release|Any CPU.Build.0 = Release|Any CPU
		{B841228F-8571-4F0E-B89E-D5E5A13B2BDA}.Debug|Any CPU.ActiveCfg = Debug|Any CPU
		{B841228F-8571-4F0E-B89E-D5E5A13B2BDA}.Debug|Any CPU.Build.0 = Debug|Any CPU
		{B841228F-8571-4F0E-B89E-D5E5A13B2BDA}.Release|Any CPU.ActiveCfg = Release|Any CPU
		{B841228F-8571-4F0E-B89E-D5E5A13B2BDA}.Release|Any CPU.Build.0 = Release|Any CPU
		{D1B44700-0B1E-4C05-B1F5-01B0EE704770}.Debug|Any CPU.ActiveCfg = Debug|Any CPU
		{D1B44700-0B1E-4C05-B1F5-01B0EE704770}.Debug|Any CPU.Build.0 = Debug|Any CPU
		{D1B44700-0B1E-4C05-B1F5-01B0EE704770}.Release|Any CPU.ActiveCfg = Release|Any CPU
		{D1B44700-0B1E-4C05-B1F5-01B0EE704770}.Release|Any CPU.Build.0 = Release|Any CPU
		{4D397015-8E66-4B08-B0A6-CBDDCCB20B57}.Debug|Any CPU.ActiveCfg = Debug|Any CPU
		{4D397015-8E66-4B08-B0A6-CBDDCCB20B57}.Debug|Any CPU.Build.0 = Debug|Any CPU
		{4D397015-8E66-4B08-B0A6-CBDDCCB20B57}.Release|Any CPU.ActiveCfg = Release|Any CPU
		{4D397015-8E66-4B08-B0A6-CBDDCCB20B57}.Release|Any CPU.Build.0 = Release|Any CPU
	EndGlobalSection
	GlobalSection(SolutionProperties) = preSolution
		HideSolutionNode = FALSE
	EndGlobalSection
EndGlobal
